{
  "name": "ediphy",
  "version": "1.0.0",
  "lockfileVersion": 1,
  "requires": true,
  "dependencies": {
    "halogen": {
      "version": "0.1.10",
      "resolved": "https://registry.npmjs.org/halogen/-/halogen-0.1.10.tgz",
      "integrity": "sha1-uYydRjg40Y4EafFjMYMOYBGf5UA=",
      "requires": {
        "react-kit": "0.1.14"
      }
    },
    "react-kit": {
      "version": "0.1.14",
      "resolved": "https://registry.npmjs.org/react-kit/-/react-kit-0.1.14.tgz",
      "integrity": "sha1-L93+gsTqZiVrGbFSYLfzWcpRvCU="
    },
    "stl-viewer": {
      "version": "0.5.0",
      "resolved": "https://registry.npmjs.org/stl-viewer/-/stl-viewer-0.5.0.tgz",
      "integrity": "sha512-Ho05PiqCU/RTNahabDLHkZh2Eer4BZ67lFZbVG2icoTzQET5rI6qD6ysI1gRaLMyEh80PmURXMJZoqUbRLSu4Q==",
      "requires": {
        "halogen": "0.1.10",
        "three": "0.72.0",
        "three-orbit-controls": "72.0.0"
      }
    },
    "three": {
      "version": "0.72.0",
      "resolved": "https://registry.npmjs.org/three/-/three-0.72.0.tgz",
      "integrity": "sha1-rE65X9TlsVnA/6u2CWF/7JCjNrI="
    },
    "three-orbit-controls": {
      "version": "72.0.0",
      "resolved": "https://registry.npmjs.org/three-orbit-controls/-/three-orbit-controls-72.0.0.tgz",
      "integrity": "sha1-E6TL83gMxuVEau0AMv4cUTXnJ1U="
    }
  }
}
