{
  "name": "ediphy",
  "version": "1.0.0",
  "lockfileVersion": 1,
  "requires": true,
  "dependencies": {
    "asap": {
      "version": "2.0.6",
      "resolved": "https://registry.npmjs.org/asap/-/asap-2.0.6.tgz",
      "integrity": "sha1-5QNHYR1+aQlDIIu9r+vLwvuGbUY="
    },
    "dnd-core": {
      "version": "7.2.0",
      "resolved": "https://registry.npmjs.org/dnd-core/-/dnd-core-7.2.0.tgz",
      "integrity": "sha512-KUCI+m2Q4k3QlWWsiyUu2R/d0nJo3oGHknM/lGOD4u1XPA4O+LJyYe7PQBzY4J6ehaHGoQ/soTUu/KfaLSOL8w==",
      "requires": {
        "asap": "2.0.6",
        "invariant": "2.2.4",
        "lodash": "4.17.11",
        "redux": "4.0.1"
      },
      "dependencies": {
        "redux": {
          "version": "4.0.1",
          "resolved": "https://registry.npmjs.org/redux/-/redux-4.0.1.tgz",
          "integrity": "sha512-R7bAtSkk7nY6O/OYMVR9RiBI+XghjF9rlbl5806HJbQph0LJVHZrU5oaO4q70eUKiqMRqm4y07KLTlMZ2BlVmg==",
          "requires": {
            "loose-envify": "1.4.0",
            "symbol-observable": "1.2.0"
          }
        }
      }
    },
    "file-saver": {
      "version": "1.3.8",
      "resolved": "https://registry.npmjs.org/file-saver/-/file-saver-1.3.3.tgz",
      "integrity": "sha1-zdTETTqiZOrC9o7BZbx5HDSvEjI="
    },
    "immutability-helper": {
      "version": "2.9.1",
      "resolved": "https://registry.npmjs.org/immutability-helper/-/immutability-helper-2.9.1.tgz",
      "integrity": "sha512-r/RmRG8xO06s/k+PIaif2r5rGc3j4Yhc01jSBfwPCXDLYZwp/yxralI37Df1mwmuzcCsen/E/ITKcTEvc1PQmQ==",
      "requires": {
        "invariant": "2.2.4"
      }
    },
    "invariant": {
      "version": "2.2.4",
      "resolved": "https://registry.npmjs.org/invariant/-/invariant-2.2.4.tgz",
      "integrity": "sha512-phJfQVBuaJM5raOpJjSfkiD6BpbCE4Ns//LaXl6wGYtUBY83nWS6Rf9tXm2e8VaK60JEjYldbPif/A2B1C2gNA==",
      "requires": {
        "loose-envify": "1.4.0"
      }
    },
    "js-tokens": {
      "version": "4.0.0",
      "resolved": "https://registry.npmjs.org/js-tokens/-/js-tokens-4.0.0.tgz",
      "integrity": "sha512-RdJUflcE3cUzKiMqQgsCu06FPu9UdIJO0beYbPhHN4k6apgJtifcoCtT9bcxOpYBtpD2kCM6Sbzg4CausW/PKQ=="
    },
    "lodash": {
      "version": "4.17.11",
      "resolved": "https://registry.npmjs.org/lodash/-/lodash-4.17.11.tgz",
      "integrity": "sha512-cQKh8igo5QUhZ7lg38DYWAxMvjSAKG0A8wGSVimP07SIUEK2UO+arSRKbRZWtelMtN5V0Hkwh5ryOto/SshYIg=="
    },
    "loose-envify": {
      "version": "1.4.0",
      "resolved": "https://registry.npmjs.org/loose-envify/-/loose-envify-1.4.0.tgz",
      "integrity": "sha512-lyuxPGr/Wfhrlem2CL/UcnUc1zcqKAImBDzukY7Y5F/yQiNdko6+fRLevlw1HgMySw7f611UIY408EtxRSoK3Q==",
      "requires": {
        "js-tokens": "4.0.0"
      }
    },
    "object-assign": {
      "version": "4.1.1",
      "resolved": "https://registry.npmjs.org/object-assign/-/object-assign-4.1.1.tgz",
      "integrity": "sha1-IQmtx5ZYh8/AXLvUQsrIv7s2CGM="
    },
    "react": {
      "version": "16.7.0",
      "resolved": "https://registry.npmjs.org/react/-/react-0.0.0-4a1072194.tgz",
      "integrity": "sha512-ZUj2lkUDLjwJaGu4WD0dYSvsfIyhQt2l/AJDlg4ij+rCDU3fSFKgHWanNovViUoaWHAxgrpft3KGFfvWPZH5LA==",
      "requires": {
        "loose-envify": "1.4.0",
        "object-assign": "4.1.1",
        "prop-types": "15.7.2",
        "scheduler": "0.12.0"
      },
      "dependencies": {
        "prop-types": {
          "version": "15.7.2",
          "resolved": "https://registry.npmjs.org/prop-types/-/prop-types-15.7.2.tgz",
          "integrity": "sha512-8QQikdH7//R2vurIJSutZ1smHYTcLpRWEOlHnzcWHmBYrOGUysKwSsrC89BCiFj3CbrfJ/nXFdJepOVrY1GCHQ==",
          "requires": {
            "loose-envify": "1.4.0",
            "object-assign": "4.1.1",
            "react-is": "16.8.4"
          }
        },
        "react-is": {
          "version": "16.8.4",
          "resolved": "https://registry.npmjs.org/react-is/-/react-is-16.8.4.tgz",
          "integrity": "sha512-PVadd+WaUDOAciICm/J1waJaSvgq+4rHE/K70j0PFqKhkTBsPv/82UGQJNXAngz1fOQLLxI6z1sEDmJDQhCTAA=="
        }
      }
    },
    "react-dnd-html5-backend": {
      "version": "7.2.0",
      "resolved": "https://registry.npmjs.org/react-dnd-html5-backend/-/react-dnd-html5-backend-7.2.0.tgz",
      "integrity": "sha512-1cyyiE1TRd7cTtPWvWWNxQdWxpv4ikyrvBn+fJwKqLjsRhhSdjlANZeJBYtBTO7Zf25YLzxVyO17nwFLMdjFAA==",
      "requires": {
        "dnd-core": "7.2.0",
        "lodash": "4.17.11"
      }
    },
    "react-dom": {
      "version": "16.7.0",
      "resolved": "https://registry.npmjs.org/react-dom/-/react-dom-0.0.0-4a1072194.tgz",
      "integrity": "sha512-GfG8Vh/jMcnJKDpv7T6O1pS/WVqiocjPQ9o9cscW8bjR9W36DT3Xb4pDZT70t1xyVvX48/NrTQGz0H7I3fCLhQ==",
      "requires": {
        "loose-envify": "1.4.0",
        "object-assign": "4.1.1",
        "prop-types": "15.7.2",
        "scheduler": "0.12.0"
      },
      "dependencies": {
        "prop-types": {
          "version": "15.7.2",
          "resolved": "https://registry.npmjs.org/prop-types/-/prop-types-15.7.2.tgz",
          "integrity": "sha512-8QQikdH7//R2vurIJSutZ1smHYTcLpRWEOlHnzcWHmBYrOGUysKwSsrC89BCiFj3CbrfJ/nXFdJepOVrY1GCHQ==",
          "requires": {
            "loose-envify": "1.4.0",
            "object-assign": "4.1.1",
            "react-is": "16.8.4"
          }
        },
        "react-is": {
          "version": "16.8.4",
          "resolved": "https://registry.npmjs.org/react-is/-/react-is-16.8.4.tgz",
          "integrity": "sha512-PVadd+WaUDOAciICm/J1waJaSvgq+4rHE/K70j0PFqKhkTBsPv/82UGQJNXAngz1fOQLLxI6z1sEDmJDQhCTAA=="
        }
      }
    },
    "react-is": {
      "version": "16.7.0",
      "resolved": "https://registry.npmjs.org/react-is/-/react-is-0.0.0-4a1072194.tgz",
      "integrity": "sha512-FbThLNGlcFMndzaw8Vfvu/Nyqd4QB38Xqont9tzN6/7B/9/d97o4KNciSFmKIRgL50kS6wEuaWCkAJr6Qa+xDQ==",
      "dev": true
    },
    "react-sortly": {
      "version": "1.5.5",
      "resolved": "https://registry.npmjs.org/react-sortly/-/react-sortly-1.5.5.tgz",
      "integrity": "sha512-VtQeElFck4Cg3FOMazZCZJc/45hHVkyuP4QeEQ5iVSzOU7XtqVr2DK9DkoTrF99VgL04YrErqVFBngKBu2bt3A==",
      "requires": {
        "immutability-helper": "2.9.1"
      }
    },
    "react-test-renderer": {
      "version": "16.7.0",
      "resolved": "https://registry.npmjs.org/react-test-renderer/-/react-test-renderer-0.0.0-4a1072194.tgz",
      "integrity": "sha512-diLm/A6xPfbV6JK/FHo3EC8SiS/TS2OxC68OJw7GLzl/Ay042yqEWJwKYt5hQz/fUbYDbLubw8yHwjYeMZKSIg==",
      "dev": true,
      "requires": {
        "object-assign": "4.1.1",
        "prop-types": "15.7.2",
        "react-is": "16.7.0",
        "scheduler": "0.12.0"
      },
      "dependencies": {
        "prop-types": {
          "version": "15.7.2",
          "resolved": "https://registry.npmjs.org/prop-types/-/prop-types-15.7.2.tgz",
          "integrity": "sha512-8QQikdH7//R2vurIJSutZ1smHYTcLpRWEOlHnzcWHmBYrOGUysKwSsrC89BCiFj3CbrfJ/nXFdJepOVrY1GCHQ==",
          "dev": true,
          "requires": {
            "loose-envify": "1.4.0",
            "object-assign": "4.1.1",
            "react-is": "16.8.4"
          },
          "dependencies": {
            "react-is": {
              "version": "16.8.4",
              "resolved": "https://registry.npmjs.org/react-is/-/react-is-16.8.4.tgz",
              "integrity": "sha512-PVadd+WaUDOAciICm/J1waJaSvgq+4rHE/K70j0PFqKhkTBsPv/82UGQJNXAngz1fOQLLxI6z1sEDmJDQhCTAA==",
              "dev": true
            }
          }
        }
      }
    },
    "scheduler": {
      "version": "0.12.0",
      "resolved": "https://registry.npmjs.org/scheduler/-/scheduler-0.0.0-4a1072194.tgz",
      "integrity": "sha512-U+PqKfBcR39RFbJrlJPFwDXG2iLOZBGOPzNSWTAGUoOfTiL8qHTkemJeyV5CcL0UyaRgR8g3S469cNWFs/SHIw==",
      "requires": {
        "loose-envify": "1.4.0",
        "object-assign": "4.1.1"
      }
    },
    "symbol-observable": {
      "version": "1.2.0",
      "resolved": "https://registry.npmjs.org/symbol-observable/-/symbol-observable-1.2.0.tgz",
      "integrity": "sha512-e900nM8RRtGhlV36KGEU9k65K3mPb1WV70OdjfxlG2EAuM1noi/E/BaW/uMhL7bPEssK8QV57vN3esixjUvcXQ=="
    }
  }
}
